<?xml version="1.0" encoding="utf-8"?>
<Project ToolsVersion="4.0" xmlns="http://schemas.microsoft.com/developer/msbuild/2003">
  <ItemGroup>
    <Filter Include="DogFW">
      <UniqueIdentifier>{fdc0b301-c517-47ca-92c0-2dac4906e58d}</UniqueIdentifier>
    </Filter>
    <Filter Include="DogFW\Common">
      <UniqueIdentifier>{df1e5f1a-6aa1-47f8-8010-91a5f1e0c9c9}</UniqueIdentifier>
    </Filter>
    <Filter Include="DogFW\Engine">
      <UniqueIdentifier>{2d0539ec-3ce5-473e-9add-d8166e1b6095}</UniqueIdentifier>
    </Filter>
    <Filter Include="DogFW\External">
      <UniqueIdentifier>{0ef83ccb-15db-40b2-b2fe-55426a5bc09e}</UniqueIdentifier>
    </Filter>
    <Filter Include="DogFW\External\Windows">
      <UniqueIdentifier>{bf9a622c-12cb-4a80-b965-78008ff27f08}</UniqueIdentifier>
    </Filter>
    <Filter Include="DogFW\Engine\Core">
      <UniqueIdentifier>{d18b56bd-ef68-45fb-98b3-cc8384b2c182}</UniqueIdentifier>
    </Filter>
    <Filter Include="DogFW\Common\Log">
      <UniqueIdentifier>{54052cd5-1727-428f-8002-05405847ba2e}</UniqueIdentifier>
    </Filter>
    <Filter Include="DogFW\Common\Time">
      <UniqueIdentifier>{8b0ecf29-04a8-42a7-af40-11c1934bf909}</UniqueIdentifier>
    </Filter>
    <Filter Include="DogFW\Common\Math">
      <UniqueIdentifier>{eaebfbea-1eaa-446a-92c1-2c35dfbd7db9}</UniqueIdentifier>
    </Filter>
    <Filter Include="DogFW\Common\Text">
      <UniqueIdentifier>{2af6d070-b609-4495-95eb-3d926e1b8b93}</UniqueIdentifier>
    </Filter>
    <Filter Include="DogFW\Common\Math\Vector">
      <UniqueIdentifier>{16a55ac8-3044-4554-a6ea-3b8a40ee75b2}</UniqueIdentifier>
    </Filter>
    <Filter Include="DogFW\Common\Math\Bool">
      <UniqueIdentifier>{46ea196d-a0e2-4ff0-be5c-ea7c7e8789f7}</UniqueIdentifier>
    </Filter>
    <Filter Include="DogFW\Common\Math\Integer">
      <UniqueIdentifier>{fca4a202-310a-4705-93d7-d5a8595ffe20}</UniqueIdentifier>
    </Filter>
    <Filter Include="DogFW\Common\Math\Float">
      <UniqueIdentifier>{33476dc4-ec59-4ef3-bede-2abd44130838}</UniqueIdentifier>
    </Filter>
    <Filter Include="DogFW\External\DirectX">
      <UniqueIdentifier>{1f206cbf-0c2c-4ee7-b8c1-4ad345bfade4}</UniqueIdentifier>
    </Filter>
  </ItemGroup>
  <ItemGroup>
    <ClCompile Include="Private\DogFW\Engine\SystemApp\AppSettings.cpp">
      <Filter>DogFW\Engine\Core</Filter>
    </ClCompile>
    <ClCompile Include="Private\DogFW\Engine\SystemApp\App.cpp">
      <Filter>DogFW\Engine\Core</Filter>
    </ClCompile>
    <ClCompile Include="Private\DogFW\Engine\SystemApp\IApp.cpp">
      <Filter>DogFW\Engine\Core</Filter>
    </ClCompile>
    <ClCompile Include="Private\DogFW\Common\Log\LoggerSimple.cpp">
      <Filter>DogFW\Common\Log</Filter>
    </ClCompile>
    <ClCompile Include="Private\DogFW\Common\Time\StopWatch.cpp">
      <Filter>DogFW\Common\Time</Filter>
    </ClCompile>
    <ClCompile Include="Private\DogFW\Common\Time\Timer.cpp">
      <Filter>DogFW\Common\Time</Filter>
    </ClCompile>
    <ClCompile Include="Private\DogFW\Text\Char\DogChar.cpp">
      <Filter>DogFW\Common\Text</Filter>
    </ClCompile>
    <ClCompile Include="Private\DogFW\Math\Vector\SIMDVector.cpp">
      <Filter>DogFW\Common\Math\Vector</Filter>
    </ClCompile>
    <ClCompile Include="Private\DogFW\Math\Vector\SIMDVectorA.cpp">
      <Filter>DogFW\Common\Math\Vector</Filter>
    </ClCompile>
    <ClCompile Include="Private\DogFW\Math\Vector\DogVector.cpp">
      <Filter>DogFW\Common\Math\Vector</Filter>
    </ClCompile>
    <ClCompile Include="Private\DogFW\Math\Bool\DogBool.cpp">
      <Filter>DogFW\Common\Math\Bool</Filter>
    </ClCompile>
    <ClCompile Include="Private\DogFW\Math\Integer\DogInt.cpp">
      <Filter>DogFW\Common\Math\Integer</Filter>
    </ClCompile>
    <ClCompile Include="Private\DogFW\Math\Float\DogFloat.cpp">
      <Filter>DogFW\Common\Math\Float</Filter>
    </ClCompile>
    <ClCompile Include="Private\DogFW\Text\String\DogString.cpp" />
    <ClCompile Include="Private\DogFW\Engine\SystemWindow\IWindow.cpp" />
    <ClCompile Include="Private\DogFW\Math\Vector\Vector2IntP.cpp" />
    <ClCompile Include="Private\DogFW\Resources\DogFWIcon.cpp" />
    <ClCompile Include="Private\DogFW\External\Windows\MsgWindows.cpp" />
    <ClCompile Include="Private\DogFW\Engine\EngineClasses\IEngine.cpp" />
    <ClCompile Include="Private\DogFW\Engine\EngineClasses\EngineBasic.cpp" />
  </ItemGroup>
  <ItemGroup>
    <ClInclude Include="Public\DogFW\External\Windows\DogWindows.h">
      <Filter>DogFW\External\Windows</Filter>
    </ClInclude>
    <ClInclude Include="Public\DogFW\Engine\SystemApp\AppSettings.h">
      <Filter>DogFW\Engine\Core</Filter>
    </ClInclude>
    <ClInclude Include="Public\DogFW\Engine\SystemApp\App.h">
      <Filter>DogFW\Engine\Core</Filter>
    </ClInclude>
    <ClInclude Include="Public\DogFW\Engine\SystemApp\IApp.h">
      <Filter>DogFW\Engine\Core</Filter>
    </ClInclude>
    <ClInclude Include="Public\DogFW\Common\Log\LoggerSimple.h">
      <Filter>DogFW\Common\Log</Filter>
    </ClInclude>
    <ClInclude Include="Public\DogFW\Common\Time\Timer.h">
      <Filter>DogFW\Common\Time</Filter>
    </ClInclude>
    <ClInclude Include="Public\DogFW\Common\Time\StopWatch.h">
      <Filter>DogFW\Common\Time</Filter>
    </ClInclude>
    <ClInclude Include="Public\DogFW\Text\Char\DogChar.h">
      <Filter>DogFW\Common\Text</Filter>
    </ClInclude>
    <ClInclude Include="Public\DogFW\Math\Vector\SIMDVectorA.h">
      <Filter>DogFW\Common\Math\Vector</Filter>
    </ClInclude>
    <ClInclude Include="Public\DogFW\Math\Vector\SIMDVector.h">
      <Filter>DogFW\Common\Math\Vector</Filter>
    </ClInclude>
    <ClInclude Include="Public\DogFW\DogVector.h">
      <Filter>DogFW\Common\Math\Vector</Filter>
    </ClInclude>
    <ClInclude Include="Public\DogFW\Math\Bool\DogBool.h">
      <Filter>DogFW\Common\Math\Bool</Filter>
    </ClInclude>
    <ClInclude Include="Public\DogFW\Math\Integer\DogInt.h">
      <Filter>DogFW\Common\Math\Integer</Filter>
    </ClInclude>
    <ClInclude Include="Public\DogFW\Math\Float\DogFloat.h">
      <Filter>DogFW\Common\Math\Float</Filter>
    </ClInclude>
    <ClInclude Include="Public\DogFW\External\DirectX\DogDirectX.h">
      <Filter>DogFW\External\DirectX</Filter>
    </ClInclude>
    <ClInclude Include="Public\DogFW\DogBasicTypes.h">
      <Filter>DogFW</Filter>
    </ClInclude>
    <ClInclude Include="Public\DogFW\Text\String\DogString.h" />
    <ClInclude Include="Public\DogFW\Engine\SystemWindow\IWindow.h" />
    <ClInclude Include="Public\DogFW\DogMath.h" />
    <ClInclude Include="Public\DogFW\Math\Vector\Vector2IntP.h" />
    <ClInclude Include="Public\DogFW\Resources\Icons\DogFWIcon.h" />
    <ClInclude Include="Public\DogFW\Resources\DogResources.h" />
    <ClInclude Include="Public\DogFW\Math\Vector\Vector3IntP.h" />
    <ClInclude Include="Public\DogFW\Math\Vector\Vector4IntP.h" />
    <ClInclude Include="Public\DogFW\Math\Vector\Vector2FloatP.h" />
    <ClInclude Include="Public\DogFW\Math\Vector\Vector3FloatP.h" />
    <ClInclude Include="Public\DogFW\Math\Vector\Vector4FloatP.h" />
    <ClInclude Include="Public\DogFW\DogWin.h" />
    <ClInclude Include="Public\DogFW\External\Windows\MsgWindows.h" />
    <ClInclude Include="Public\DogFW\External\Other\EnvMacros.h" />
    <ClInclude Include="Public\DogFW\Engine\EngineClasses\IEngine.h" />
    <ClInclude Include="Public\DogFW\Engine\EngineClasses\EngineBasic.h" />
  </ItemGroup>
</Project>