<?xml version="1.0" encoding="utf-8"?>
<Project ToolsVersion="4.0" xmlns="http://schemas.microsoft.com/developer/msbuild/2003">
  <ItemGroup>
    <Filter Include="Source">
      <UniqueIdentifier>{4FC737F1-C7A5-4376-A066-2A32D752A2FF}</UniqueIdentifier>
      <Extensions>cpp;c;cc;cxx;c++;cppm;ixx;def;odl;idl;hpj;bat;asm;asmx</Extensions>
    </Filter>
    <Filter Include="Resource Files">
      <UniqueIdentifier>{67DA6AB6-F800-4c08-8B7A-83BB121AAD01}</UniqueIdentifier>
      <Extensions>rc;ico;cur;bmp;dlg;rc2;rct;bin;rgs;gif;jpg;jpeg;jpe;resx;tiff;tif;png;wav;mfcribbon-ms</Extensions>
    </Filter>
  </ItemGroup>
  <ItemGroup>
    <ClCompile Include="Source\Private\DogFW\External\Windows\DogWindows.cpp">
      <Filter>Source</Filter>
    </ClCompile>
    <ClCompile Include="Source\Private\DogFW\Common\Text\DogString.cpp">
      <Filter>Source</Filter>
    </ClCompile>
    <ClCompile Include="Source\Private\DogFW\Common\Math\DogInt.cpp">
      <Filter>Source</Filter>
    </ClCompile>
    <ClCompile Include="Source\Private\DogFW\Common\Time\StopWatch.cpp">
      <Filter>Source</Filter>
    </ClCompile>
    <ClCompile Include="Source\Private\DogFW\Common\Math\DogVector.cpp">
      <Filter>Source</Filter>
    </ClCompile>
    <ClCompile Include="Source\Private\DogFW\Common\Math\SIMDVectorA.cpp">
      <Filter>Source</Filter>
    </ClCompile>
    <ClCompile Include="Source\Private\DogFW\Common\Time\Timer.cpp">
      <Filter>Source</Filter>
    </ClCompile>
    <ClCompile Include="Source\Private\DogFW\Engine\Core\Application.cpp">
      <Filter>Source</Filter>
    </ClCompile>
    <ClCompile Include="Source\Private\DogFW\Engine\Core\IApplication.cpp">
      <Filter>Source</Filter>
    </ClCompile>
    <ClCompile Include="Source\Private\DogFW\Common\Log\LoggerSimple.cpp">
      <Filter>Source</Filter>
    </ClCompile>
    <ClCompile Include="Source\Private\DogFW\Common\Text\DogChar.cpp">
      <Filter>Source</Filter>
    </ClCompile>
    <ClCompile Include="Source\Private\DogFW\Common\Math\DogFloat.cpp">
      <Filter>Source</Filter>
    </ClCompile>
    <ClCompile Include="Source\Private\DogFW\Common\Math\SIMDVector.cpp">
      <Filter>Source</Filter>
    </ClCompile>
    <ClCompile Include="Source\Private\DogFW\Common\Math\DogBool.cpp">
      <Filter>Source</Filter>
    </ClCompile>
    <ClCompile Include="Source\Private\DogFW\Engine\Core\AppSettings.cpp">
      <Filter>Source</Filter>
    </ClCompile>
  </ItemGroup>
  <ItemGroup>
    <ClInclude Include="Source\Public\DogFW\Engine\Core\Application.h">
      <Filter>Source</Filter>
    </ClInclude>
    <ClInclude Include="Source\Public\DogFW\Common\Math\DogInt.h">
      <Filter>Source</Filter>
    </ClInclude>
    <ClInclude Include="Source\Public\DogFW\Common\Text\DogString.h">
      <Filter>Source</Filter>
    </ClInclude>
    <ClInclude Include="Source\Public\DogFW\Common\Math\DogVector.h">
      <Filter>Source</Filter>
    </ClInclude>
    <ClInclude Include="Source\Public\DogFW\External\Windows\DogWindows.h">
      <Filter>Source</Filter>
    </ClInclude>
    <ClInclude Include="Source\Public\DogFW\Common\Math\SIMDVectorA.h">
      <Filter>Source</Filter>
    </ClInclude>
    <ClInclude Include="Source\Public\DogFW\Common\Time\StopWatch.h">
      <Filter>Source</Filter>
    </ClInclude>
    <ClInclude Include="Source\Public\DogFW\Common\Time\Timer.h">
      <Filter>Source</Filter>
    </ClInclude>
    <ClInclude Include="Source\Public\DogFW\Engine\Core\IApplication.h" />
    <ClInclude Include="Source\Public\DogFW\Common\Log\LoggerSimple.h" />
    <ClInclude Include="Source\Public\DogFW\Common\Text\DogChar.h" />
    <ClInclude Include="Source\Public\DogFW\DogBasicTypes.h" />
    <ClInclude Include="Source\Public\DogFW\Common\Math\DogFloat.h" />
    <ClInclude Include="Source\Public\DogFW\Common\Math\SIMDVector.h" />
    <ClInclude Include="Source\Public\DogFW\External\Windows\DogDX12.h" />
    <ClInclude Include="Source\Public\DogFW\Common\Math\DogBool.h" />
    <ClInclude Include="Source\Public\DogFW\Engine\Core\AppSettings.h" />
  </ItemGroup>
</Project>